
Microsoft Visual Studio Solution File, Format Version 12.00
# Visual Studio 15
VisualStudioVersion = 15.0.28010.2026
MinimumVisualStudioVersion = 10.0.40219.1
Project("{FAE04EC0-301F-11D3-BF4B-00C04F79EFBC}") = "TATrouvaille", "TATrouvaille\TATrouvaille.csproj", "{980AAC1B-D7A9-49ED-9F4A-C432B56BB7B9}"
EndProject
Global
	GlobalSection(SolutionConfigurationPlatforms) = preSolution
		Debug|Any CPU = Debug|Any CPU
		Release|Any CPU = Release|Any CPU
	EndGlobalSection
	GlobalSection(ProjectConfigurationPlatforms) = postSolution
		{980AAC1B-D7A9-49ED-9F4A-C432B56BB7B9}.Debug|Any CPU.ActiveCfg = Debug|Any CPU
		{980AAC1B-D7A9-49ED-9F4A-C432B56BB7B9}.Debug|Any CPU.Build.0 = Debug|Any CPU
		{980AAC1B-D7A9-49ED-9F4A-C432B56BB7B9}.Release|Any CPU.ActiveCfg = Release|Any CPU
		{980AAC1B-D7A9-49ED-9F4A-C432B56BB7B9}.Release|Any CPU.Build.0 = Release|Any CPU
	EndGlobalSection
	GlobalSection(SolutionProperties) = preSolution
		HideSolutionNode = FALSE
	EndGlobalSection
	GlobalSection(ExtensibilityGlobals) = postSolution
		SolutionGuid = {EA27F9D7-2229-4870-85D5-3B500917A54C}
	EndGlobalSection
EndGlobal
